
Microsoft Visual Studio Solution File, Format Version 12.00
# Visual Studio Version 17
VisualStudioVersion = 17.13.35931.197 d17.13
MinimumVisualStudioVersion = 10.0.40219.1
Project("{FAE04EC0-301F-11D3-BF4B-00C04F79EFBC}") = "HospitalAutomation", "HospitalAutomation.csproj", "{9454A736-45A9-49F3-86D7-AE369E51347C}"
EndProject
Global
	GlobalSection(SolutionConfigurationPlatforms) = preSolution
		Debug|Any CPU = Debug|Any CPU
		Release|Any CPU = Release|Any CPU
	EndGlobalSection
	GlobalSection(ProjectConfigurationPlatforms) = postSolution
		{9454A736-45A9-49F3-86D7-AE369E51347C}.Debug|Any CPU.ActiveCfg = Debug|Any CPU
		{9454A736-45A9-49F3-86D7-AE369E51347C}.Debug|Any CPU.Build.0 = Debug|Any CPU
		{9454A736-45A9-49F3-86D7-AE369E51347C}.Release|Any CPU.ActiveCfg = Release|Any CPU
		{9454A736-45A9-49F3-86D7-AE369E51347C}.Release|Any CPU.Build.0 = Release|Any CPU
	EndGlobalSection
	GlobalSection(SolutionProperties) = preSolution
		HideSolutionNode = FALSE
	EndGlobalSection
	GlobalSection(ExtensibilityGlobals) = postSolution
		SolutionGuid = {913F48B4-103A-452A-BE55-FC68E9910660}
	EndGlobalSection
EndGlobal
